github.com/Microsoft/go-winio v0.6.2 h1:F2VQgta7ecxGYO8k3ZZz3RS8fVIXVxONVUPlNERoyfY=
github.com/Microsoft/go-winio v0.6.2/go.mod h1:yd8OoFMLzJbo9gZq8j5qaps8bJ9aShtEA8Ipt1oGCvU=
github.com/cloudflare/circl v1.6.5 h1:O64F26HEqNhznd/hrC5KZXVKYuKM2rx4deZDTc4ihQA=
github.com/cloudflare/circl v1.6.5/go.mod h1:h5LNyxAc5nTue9DS5jT+48en2PSDYt3zdGnz5OstK6c=
github.com/davecgh/go-spew v1.1.2-0.20180830191138-d8f796af33cc h1:U9qPSI2PIWSS1VwoXQT9A3Wy9MM3WgvqSxFWenqJduM=
github.com/davecgh/go-spew v1.1.2-0.20180830191138-d8f796af33cc/go.mod h1:J7Y8YcW2NihsgmVo/mv3lAwl/skON4iLHjSsI+c5H38=
github.com/decred/dcrd/crypto/blake256 v1.1.0 h1:zPMNGQCm0g4QTY27fOCorQW7EryeQ/U0x++OzVrdms8=
github.com/decred/dcrd/crypto/blake256 v1.1.0/go.mod h1:2OfgNZ5wDpcsFmHmCK5gZTPcCXqlm2ArzUIkw9czNJo=
github.com/decred/dcrd/dcrec/secp256k1/v4 v4.4.1 h1:5RVFMOWjMyRy8cARdy79nAmgYw3hK/4HUq48LQ6Wwqo=
github.com/decred/dcrd/dcrec/secp256k1/v4 v4.4.1/go.mod h1:ZXNYxsqcloTdSy/rNShjYzMhyjf0LaoftYK0p+A3h40=
github.com/ebitengine/purego v0.10.2 h1:W809HbnvzAxgdm+aOvlSekrM16wGCdT/e76+9tS7gzE=
github.com/ebitengine/purego v0.10.2/go.mod h1:iIjxzd6CiRiOG0UyXP+V1+jWqUXVjPKLAI0mRfJZTmQ=
github.com/fxamacker/cbor/v2 v2.9.2 h1:X4Ksno9+x3cz0TZv69ec1hxP/+tymuR8PXQJyDwfh78=
github.com/fxamacker/cbor/v2 v2.9.2/go.mod h1:vM4b+DJCtHn+zz7h3FFp/hDAI9WNWCsZj23V5ytsSxQ=
github.com/google/uuid v1.6.0 h1:NIvaJDMOsjHA8n1jAhLSgzrAzy1Hgr+hNrb57e+94F0=
github.com/google/uuid v1.6.0/go.mod h1:TIyPZe4MgqvfeYDBFedMoGGpEw/LqOeaOT+nhxU+yHo=
github.com/pmezard/go-difflib v1.0.1-0.20181226105442-5d4384ee4fb2 h1:Jamvg5psRIccs7FGNTlIRMkT8wgtp5eCXdBlqhYGL6U=
github.com/pmezard/go-difflib v1.0.1-0.20181226105442-5d4384ee4fb2/go.mod h1:iKH77koFhYxTK1pcRnkKkqfTogsbg7gZNVY4sRDYZ/4=
github.com/samber/lo v1.53.0 h1:t975lj2py4kJPQ6haz1QMgtId2gtmfktACxIXArw3HM=
github.com/samber/lo v1.53.0/go.mod h1:4+MXEGsJzbKGaUEQFKBq2xtfuznW9oz/WrgyzMzRoM0=
github.com/stretchr/testify v1.11.1 h1:7s2iGBzp5EwR7/aIZr8ao5+dra3wiQyKjjFuvgVKu7U=
github.com/stretchr/testify v1.11.1/go.mod h1:wZwfW3scLgRK+23gO65QZefKpKQRnfz6sD981Nm4B6U=
github.com/telesma-app/ctap v0.46.0 h1:L96LzrJy+e8VdSS94e03Q9gKSXQ8LGtKNaPNyJOVLW4=
github.com/telesma-app/ctap v0.46.0/go.mod h1:7aq+1vtZdxiE3C+zShC9vCdb23wzfs8PRovXHJVCgWU=
github.com/telesma-app/fido-registry v0.2.0 h1:EQJ2T46yWAf5eoFxcET5ml2guq7I0xaITw+yhN8GWOQ=
github.com/telesma-app/fido-registry v0.2.0/go.mod h1:GwL+1f4ZKRIeeHok5SPU6Xqfa8IctauyG4/F5M165uo=
github.com/telesma-app/hid v0.12.0 h1:iq+Bsb4drYOjKm9ZejpXbaC1cOFW6qCm9c+zSIh/U9M=
github.com/telesma-app/hid v0.12.0/go.mod h1:wG21Rxqvsj9F+F7ItL4i76EDCwtaSaPILhe37M3ThgM=
github.com/telesma-app/iso7816 v0.2.0 h1:Ny8ErRKmFOJ6IUcOdvw/HKjGOXATa//LUx/GHXlxT/M=
github.com/telesma-app/iso7816 v0.2.0/go.mod h1:oI7P4NERU4/SeBbou5UYg9vHiBvSC7QWF9PbLxcjxb4=
github.com/telesma-app/mds v0.4.0 h1:qqvcgSJkg1Yu0VMkG33IJfu1VDNvxWNvI1O3DEp7/3w=
github.com/telesma-app/mds v0.4.0/go.mod h1:R+9FqSJyg7pDe2BwREcMRg01DWZJRTQcSLgFSzVfDM4=
github.com/telesma-app/pcsc v0.9.0 h1:vrirJ9xMgJyPF41lG3wg4Te7fmA+46bnenF4aswjV8w=
github.com/telesma-app/pcsc v0.9.0/go.mod h1:a083kzMqXUCC2DgPzHtF/TZ2p1msMAK9DSx4wS245lY=
github.com/telesma-app/token2 v0.11.0 h1:WJogLX5bWBrHApeHUG748O7V/GjoQqrpr7XgvkTnJHA=
github.com/telesma-app/token2 v0.11.0/go.mod h1:4QvbGSQARae6mekQ++bBWPD2mGUya9Z/GsDaY/Kp2YI=
github.com/telesma-app/windows-proxy v0.5.0 h1:NG40TeCaFJ06rPOaogbVPX6h2qrvzW2L2y/6/78DQMU=
github.com/telesma-app/windows-proxy v0.5.0/go.mod h1:is/uEbbGbMFCXaRrg2IkG7FMYFkgRdNg9e6KoGeh7jc=
github.com/telesma-app/yubico v0.5.0 h1:NcOCTsL5LHq1q3YW7Vc2TDQZrT/KlNBfdOozO2tD4no=
github.com/telesma-app/yubico v0.5.0/go.mod h1:z5LGXdba2HVSTrfF2Ii0+M5YsZVswuQSBgD3yuPtbvE=
github.com/x448/float16 v0.8.4 h1:qLwI1I70+NjRFUR3zs1JPUCgaCXSh3SW62uAKT1mSBM=
github.com/x448/float16 v0.8.4/go.mod h1:14CWIYCyZA/cWjXOioeEpHeN/83MdbZDRQHoFcYsOfg=
golang.org/x/crypto v0.54.0 h1:YLIA59K4fiNzHzjnZt2tUJQjQtUWfWbeHBqKtk3eScw=
golang.org/x/crypto v0.54.0/go.mod h1:KWL8ny2AZdGR2cWmzeHrp2azQPGogOv+HeQaVEXC2dk=
golang.org/x/sys v0.47.0 h1:o7XGOvZQCADBQQ4Y7VNq2dRWQR7JmOUW8Kxx4ZsNgWs=
golang.org/x/sys v0.47.0/go.mod h1:4GL1E5IUh+htKOUEOaiffhrAeqysfVGipDYzABqnCmw=
golang.org/x/text v0.40.0 h1:Ub2Z6/xjgF1WrYQz2nuITOEegKFtiIy+rieRJ5lHZKs=
golang.org/x/text v0.40.0/go.mod h1:hpnzDAfGV753zIKo+wk3u1bVKCGPbrnF7+7LBF/UHVY=
gopkg.in/yaml.v3 v3.0.1 h1:fxVm/GzAzEWqLHuvctI91KS9hhNmmWOoWu0XTYJS7CA=
gopkg.in/yaml.v3 v3.0.1/go.mod h1:K4uyk7z7BCEPqu6E+C64Yfv1cQ7kz7rIZviUmN+EgEM=
